
Microsoft Visual Studio Solution File, Format Version 12.00
# Visual Studio 15
VisualStudioVersion = 15.0.28307.489
MinimumVisualStudioVersion = 10.0.40219.1
Project("{FAE04EC0-301F-11D3-BF4B-00C04F79EFBC}") = "Somo_ZeroConf", "Somo_ZeroConf\Somo_ZeroConf.csproj", "{3A445700-2310-4BD6-8287-52F397BD77CE}"
EndProject
Global
	GlobalSection(SolutionConfigurationPlatforms) = preSolution
		Debug|Any CPU = Debug|Any CPU
		Release|Any CPU = Release|Any CPU
	EndGlobalSection
	GlobalSection(ProjectConfigurationPlatforms) = postSolution
		{3A445700-2310-4BD6-8287-52F397BD77CE}.Debug|Any CPU.ActiveCfg = Debug|Any CPU
		{3A445700-2310-4BD6-8287-52F397BD77CE}.Debug|Any CPU.Build.0 = Debug|Any CPU
		{3A445700-2310-4BD6-8287-52F397BD77CE}.Release|Any CPU.ActiveCfg = Release|Any CPU
		{3A445700-2310-4BD6-8287-52F397BD77CE}.Release|Any CPU.Build.0 = Release|Any CPU
	EndGlobalSection
	GlobalSection(SolutionProperties) = preSolution
		HideSolutionNode = FALSE
	EndGlobalSection
	GlobalSection(ExtensibilityGlobals) = postSolution
		SolutionGuid = {7E435730-DBC1-485F-8175-B450E0AB176C}
	EndGlobalSection
EndGlobal
